{
  "name": "particle-type",
  "lockfileVersion": 3,
  "requires": true,
  "packages": {
    "": {
      "name": "particle-type",
      "devDependencies": {
        "cascade": "file:../../cascade",
        "typescript": "^6.0.0"
      }
    },
    "../../cascade": {
      "name": "@field/cascade",
      "version": "0.4.0",
      "dev": true,
      "license": "MIT",
      "workspaces": [
        "packages/contracts",
        "packages/runtime"
      ],
      "dependencies": {
        "esbuild": "^0.28.2",
        "express": "^5.2.1",
        "multer": "^2.3.0",
        "sharp": "^0.35.4",
        "typescript": "^6.0.3"
      },
      "bin": {
        "cascade": "dist/cli/index.js"
      },
      "devDependencies": {
        "@lucide/svelte": "^1.37.0",
        "@sveltejs/vite-plugin-svelte": "^7.3.0",
        "@testing-library/svelte": "^5.4.2",
        "@testing-library/user-event": "^14.6.6",
        "@tsconfig/svelte": "^5.0.8",
        "@types/express": "^5.0.6",
        "@types/node": "^24.13.3",
        "@vitest/coverage-v8": "^4.1.11",
        "dockview": "^8.2.0",
        "dompurify": "^3.4.14",
        "jsdom": "^29.1.1",
        "marked": "^18.0.11",
        "monaco-editor": "^0.56.0",
        "svelte": "^5.0.0",
        "svelte-check": "^4.7.6",
        "tsx": "^4.23.12",
        "vite": "^8.2.2",
        "vitest": "^4.1.11"
      },
      "engines": {
        "node": ">=22.13.0"
      },
      "optionalDependencies": {
        "@napi-rs/canvas": "^1.0.8",
        "webgpu": "0.6.0"
      }
    },
    "node_modules/cascade": {
      "resolved": "../../cascade",
      "link": true
    },
    "node_modules/typescript": {
      "version": "6.0.3",
      "resolved": "https://registry.npmjs.org/typescript/-/typescript-6.0.3.tgz",
      "integrity": "sha512-y2TvuxSZPDyQakkFRPZHKFm+KKVqIisdg9/CZwm9ftvKXLP8NRWj38/ODjNbr43SsoXqNuAisEf1GdCxqWcdBw==",
      "dev": true,
      "license": "Apache-2.0",
      "bin": {
        "tsc": "bin/tsc",
        "tsserver": "bin/tsserver"
      },
      "engines": {
        "node": ">=14.17"
      }
    }
  }
}
